
Microsoft Visual Studio Solution File, Format Version 12.00
# Visual Studio 15
VisualStudioVersion = 15.0.27703.2042
MinimumVisualStudioVersion = 10.0.40219.1
Project("{FAE04EC0-301F-11D3-BF4B-00C04F79EFBC}") = "WebApplication2", "WebApplication2\WebApplication2.csproj", "{C80778A5-4B62-4E7B-83EC-67A557B001AA}"
EndProject
Global
	GlobalSection(SolutionConfigurationPlatforms) = preSolution
		Debug|Any CPU = Debug|Any CPU
		Release|Any CPU = Release|Any CPU
	EndGlobalSection
	GlobalSection(ProjectConfigurationPlatforms) = postSolution
		{C80778A5-4B62-4E7B-83EC-67A557B001AA}.Debug|Any CPU.ActiveCfg = Debug|Any CPU
		{C80778A5-4B62-4E7B-83EC-67A557B001AA}.Debug|Any CPU.Build.0 = Debug|Any CPU
		{C80778A5-4B62-4E7B-83EC-67A557B001AA}.Release|Any CPU.ActiveCfg = Release|Any CPU
		{C80778A5-4B62-4E7B-83EC-67A557B001AA}.Release|Any CPU.Build.0 = Release|Any CPU
	EndGlobalSection
	GlobalSection(SolutionProperties) = preSolution
		HideSolutionNode = FALSE
	EndGlobalSection
	GlobalSection(ExtensibilityGlobals) = postSolution
		SolutionGuid = {E7CED209-4B3F-4BD8-931A-9BEF0293611D}
	EndGlobalSection
EndGlobal
